
Microsoft Visual Studio Solution File, Format Version 12.00
# Visual Studio Version 17
VisualStudioVersion = 17.0.31903.59
MinimumVisualStudioVersion = 10.0.40219.1
Project("{FAE04EC0-301F-11D3-BF4B-00C04F79EFBC}") = "BookManagementSystem", "BookManagementSystem.csproj", "{43AB7B80-C779-4F3D-BECF-ACDDF0286617}"
EndProject
Global
	GlobalSection(SolutionConfigurationPlatforms) = preSolution
		Debug|Any CPU = Debug|Any CPU
		Release|Any CPU = Release|Any CPU
	EndGlobalSection
	GlobalSection(ProjectConfigurationPlatforms) = postSolution
		{43AB7B80-C779-4F3D-BECF-ACDDF0286617}.Debug|Any CPU.ActiveCfg = Debug|Any CPU
		{43AB7B80-C779-4F3D-BECF-ACDDF0286617}.Debug|Any CPU.Build.0 = Debug|Any CPU
		{43AB7B80-C779-4F3D-BECF-ACDDF0286617}.Release|Any CPU.ActiveCfg = Release|Any CPU
		{43AB7B80-C779-4F3D-BECF-ACDDF0286617}.Release|Any CPU.Build.0 = Release|Any CPU
	EndGlobalSection
	GlobalSection(SolutionProperties) = preSolution
		HideSolutionNode = FALSE
	EndGlobalSection
	GlobalSection(ExtensibilityGlobals) = postSolution
		SolutionGuid = {515AAC02-E489-471A-8A0F-8954CD89479E}
	EndGlobalSection
EndGlobal
